
Microsoft Visual Studio Solution File, Format Version 12.00
# Visual Studio 15
VisualStudioVersion = 15.0.28307.168
MinimumVisualStudioVersion = 10.0.40219.1
Project("{FAE04EC0-301F-11D3-BF4B-00C04F79EFBC}") = "GridApp", "GridApp\GridApp.csproj", "{15BAFB95-8B3B-4385-AE62-9E7483D0B134}"
EndProject
Global
	GlobalSection(SolutionConfigurationPlatforms) = preSolution
		Debug|Any CPU = Debug|Any CPU
		Release|Any CPU = Release|Any CPU
	EndGlobalSection
	GlobalSection(ProjectConfigurationPlatforms) = postSolution
		{15BAFB95-8B3B-4385-AE62-9E7483D0B134}.Debug|Any CPU.ActiveCfg = Debug|Any CPU
		{15BAFB95-8B3B-4385-AE62-9E7483D0B134}.Debug|Any CPU.Build.0 = Debug|Any CPU
		{15BAFB95-8B3B-4385-AE62-9E7483D0B134}.Release|Any CPU.ActiveCfg = Release|Any CPU
		{15BAFB95-8B3B-4385-AE62-9E7483D0B134}.Release|Any CPU.Build.0 = Release|Any CPU
	EndGlobalSection
	GlobalSection(SolutionProperties) = preSolution
		HideSolutionNode = FALSE
	EndGlobalSection
	GlobalSection(ExtensibilityGlobals) = postSolution
		SolutionGuid = {EA94D0DD-CFF0-4485-A130-3E20AF156DF0}
	EndGlobalSection
EndGlobal
